
Microsoft Visual Studio Solution File, Format Version 12.00
# Visual Studio Express 2012 for Web
Project("{E24C65DC-7377-472B-9ABA-BC803B73C61A}") = "HTML5SupportPartI", "HTML5SupportPartI\", "{F8D305C1-F8B3-4DC9-B17E-7DD1C2E052AF}"
	ProjectSection(WebsiteProperties) = preProject
		TargetFrameworkMoniker = ".NETFramework,Version%3Dv4.5"
		Debug.AspNetCompiler.VirtualPath = "/HTML5SupportPartI"
		Debug.AspNetCompiler.PhysicalPath = "..\..\..\..\..\Public\Documents\My Projects\Local\devcurryarticlehtml5andcss3inasp_net4_5parti\HTML5SupportPartI\HTML5SupportPartI\"
		Debug.AspNetCompiler.TargetPath = "PrecompiledWeb\HTML5SupportPartI\"
		Debug.AspNetCompiler.Updateable = "true"
		Debug.AspNetCompiler.ForceOverwrite = "true"
		Debug.AspNetCompiler.FixedNames = "false"
		Debug.AspNetCompiler.Debug = "True"
		Release.AspNetCompiler.VirtualPath = "/HTML5SupportPartI"
		Release.AspNetCompiler.PhysicalPath = "..\..\..\..\..\Public\Documents\My Projects\Local\devcurryarticlehtml5andcss3inasp_net4_5parti\HTML5SupportPartI\HTML5SupportPartI\"
		Release.AspNetCompiler.TargetPath = "PrecompiledWeb\HTML5SupportPartI\"
		Release.AspNetCompiler.Updateable = "true"
		Release.AspNetCompiler.ForceOverwrite = "true"
		Release.AspNetCompiler.FixedNames = "false"
		Release.AspNetCompiler.Debug = "False"
		VWDPort = "59671"
	EndProjectSection
EndProject
Global
	GlobalSection(SolutionConfigurationPlatforms) = preSolution
		Debug|Any CPU = Debug|Any CPU
	EndGlobalSection
	GlobalSection(ProjectConfigurationPlatforms) = postSolution
		{F8D305C1-F8B3-4DC9-B17E-7DD1C2E052AF}.Debug|Any CPU.ActiveCfg = Debug|Any CPU
		{F8D305C1-F8B3-4DC9-B17E-7DD1C2E052AF}.Debug|Any CPU.Build.0 = Debug|Any CPU
	EndGlobalSection
	GlobalSection(SolutionProperties) = preSolution
		HideSolutionNode = FALSE
	EndGlobalSection
EndGlobal
